
Microsoft Visual Studio Solution File, Format Version 12.00
# Visual Studio 2012
Project("{FAE04EC0-301F-11D3-BF4B-00C04F79EFBC}") = "Programmering III", "Programmering III\Programmering III.csproj", "{3B049DDF-04E5-43AC-B10D-0C4D0499108B}"
EndProject
Project("{FAE04EC0-301F-11D3-BF4B-00C04F79EFBC}") = "ApplicationDomains", "ApplicationDomains\ApplicationDomains.csproj", "{A2E17823-518F-405D-8439-36C6A1178DAD}"
EndProject
Project("{FAE04EC0-301F-11D3-BF4B-00C04F79EFBC}") = "ApplicationDomainsConsole", "ApplicationDomainsConsole\ApplicationDomainsConsole.csproj", "{AD406876-9A63-406A-B4BC-0022ACBF552B}"
EndProject
Project("{6141683F-8A12-4E36-9623-2EB02B2C2303}") = "Installer", "Installer\Installer.isproj", "{0297A91B-6196-4252-A3FD-6C90452BB71A}"
	ProjectSection(ProjectDependencies) = postProject
		{A2E17823-518F-405D-8439-36C6A1178DAD} = {A2E17823-518F-405D-8439-36C6A1178DAD}
		{AD406876-9A63-406A-B4BC-0022ACBF552B} = {AD406876-9A63-406A-B4BC-0022ACBF552B}
		{3B049DDF-04E5-43AC-B10D-0C4D0499108B} = {3B049DDF-04E5-43AC-B10D-0C4D0499108B}
	EndProjectSection
EndProject
Project("{FAE04EC0-301F-11D3-BF4B-00C04F79EFBC}") = "BusinessLogic", "BusinessLogic\BusinessLogic.csproj", "{34F22D74-04C3-46DB-8A60-4AD97099782C}"
EndProject
Global
	GlobalSection(SolutionConfigurationPlatforms) = preSolution
		CD_ROM|Any CPU = CD_ROM|Any CPU
		Debug|Any CPU = Debug|Any CPU
		DVD-5|Any CPU = DVD-5|Any CPU
		Release|Any CPU = Release|Any CPU
		SingleImage|Any CPU = SingleImage|Any CPU
	EndGlobalSection
	GlobalSection(ProjectConfigurationPlatforms) = postSolution
		{3B049DDF-04E5-43AC-B10D-0C4D0499108B}.CD_ROM|Any CPU.ActiveCfg = Release|Any CPU
		{3B049DDF-04E5-43AC-B10D-0C4D0499108B}.CD_ROM|Any CPU.Build.0 = Release|Any CPU
		{3B049DDF-04E5-43AC-B10D-0C4D0499108B}.Debug|Any CPU.ActiveCfg = Debug|Any CPU
		{3B049DDF-04E5-43AC-B10D-0C4D0499108B}.Debug|Any CPU.Build.0 = Debug|Any CPU
		{3B049DDF-04E5-43AC-B10D-0C4D0499108B}.DVD-5|Any CPU.ActiveCfg = Debug|Any CPU
		{3B049DDF-04E5-43AC-B10D-0C4D0499108B}.DVD-5|Any CPU.Build.0 = Debug|Any CPU
		{3B049DDF-04E5-43AC-B10D-0C4D0499108B}.Release|Any CPU.ActiveCfg = Release|Any CPU
		{3B049DDF-04E5-43AC-B10D-0C4D0499108B}.Release|Any CPU.Build.0 = Release|Any CPU
		{3B049DDF-04E5-43AC-B10D-0C4D0499108B}.SingleImage|Any CPU.ActiveCfg = Release|Any CPU
		{3B049DDF-04E5-43AC-B10D-0C4D0499108B}.SingleImage|Any CPU.Build.0 = Release|Any CPU
		{A2E17823-518F-405D-8439-36C6A1178DAD}.CD_ROM|Any CPU.ActiveCfg = Release|Any CPU
		{A2E17823-518F-405D-8439-36C6A1178DAD}.CD_ROM|Any CPU.Build.0 = Release|Any CPU
		{A2E17823-518F-405D-8439-36C6A1178DAD}.Debug|Any CPU.ActiveCfg = Debug|Any CPU
		{A2E17823-518F-405D-8439-36C6A1178DAD}.Debug|Any CPU.Build.0 = Debug|Any CPU
		{A2E17823-518F-405D-8439-36C6A1178DAD}.DVD-5|Any CPU.ActiveCfg = Debug|Any CPU
		{A2E17823-518F-405D-8439-36C6A1178DAD}.DVD-5|Any CPU.Build.0 = Debug|Any CPU
		{A2E17823-518F-405D-8439-36C6A1178DAD}.Release|Any CPU.ActiveCfg = Release|Any CPU
		{A2E17823-518F-405D-8439-36C6A1178DAD}.Release|Any CPU.Build.0 = Release|Any CPU
		{A2E17823-518F-405D-8439-36C6A1178DAD}.SingleImage|Any CPU.ActiveCfg = Release|Any CPU
		{A2E17823-518F-405D-8439-36C6A1178DAD}.SingleImage|Any CPU.Build.0 = Release|Any CPU
		{AD406876-9A63-406A-B4BC-0022ACBF552B}.CD_ROM|Any CPU.ActiveCfg = Release|Any CPU
		{AD406876-9A63-406A-B4BC-0022ACBF552B}.CD_ROM|Any CPU.Build.0 = Release|Any CPU
		{AD406876-9A63-406A-B4BC-0022ACBF552B}.Debug|Any CPU.ActiveCfg = Debug|Any CPU
		{AD406876-9A63-406A-B4BC-0022ACBF552B}.Debug|Any CPU.Build.0 = Debug|Any CPU
		{AD406876-9A63-406A-B4BC-0022ACBF552B}.DVD-5|Any CPU.ActiveCfg = Debug|Any CPU
		{AD406876-9A63-406A-B4BC-0022ACBF552B}.DVD-5|Any CPU.Build.0 = Debug|Any CPU
		{AD406876-9A63-406A-B4BC-0022ACBF552B}.Release|Any CPU.ActiveCfg = Release|Any CPU
		{AD406876-9A63-406A-B4BC-0022ACBF552B}.Release|Any CPU.Build.0 = Release|Any CPU
		{AD406876-9A63-406A-B4BC-0022ACBF552B}.SingleImage|Any CPU.ActiveCfg = Release|Any CPU
		{AD406876-9A63-406A-B4BC-0022ACBF552B}.SingleImage|Any CPU.Build.0 = Release|Any CPU
		{0297A91B-6196-4252-A3FD-6C90452BB71A}.CD_ROM|Any CPU.ActiveCfg = CD_ROM
		{0297A91B-6196-4252-A3FD-6C90452BB71A}.CD_ROM|Any CPU.Build.0 = CD_ROM
		{0297A91B-6196-4252-A3FD-6C90452BB71A}.Debug|Any CPU.ActiveCfg = DVD-5
		{0297A91B-6196-4252-A3FD-6C90452BB71A}.Debug|Any CPU.Build.0 = DVD-5
		{0297A91B-6196-4252-A3FD-6C90452BB71A}.DVD-5|Any CPU.ActiveCfg = DVD-5
		{0297A91B-6196-4252-A3FD-6C90452BB71A}.DVD-5|Any CPU.Build.0 = DVD-5
		{0297A91B-6196-4252-A3FD-6C90452BB71A}.Release|Any CPU.ActiveCfg = SingleImage
		{0297A91B-6196-4252-A3FD-6C90452BB71A}.Release|Any CPU.Build.0 = SingleImage
		{0297A91B-6196-4252-A3FD-6C90452BB71A}.SingleImage|Any CPU.ActiveCfg = SingleImage
		{0297A91B-6196-4252-A3FD-6C90452BB71A}.SingleImage|Any CPU.Build.0 = SingleImage
		{34F22D74-04C3-46DB-8A60-4AD97099782C}.CD_ROM|Any CPU.ActiveCfg = Release|Any CPU
		{34F22D74-04C3-46DB-8A60-4AD97099782C}.CD_ROM|Any CPU.Build.0 = Release|Any CPU
		{34F22D74-04C3-46DB-8A60-4AD97099782C}.Debug|Any CPU.ActiveCfg = Debug|Any CPU
		{34F22D74-04C3-46DB-8A60-4AD97099782C}.Debug|Any CPU.Build.0 = Debug|Any CPU
		{34F22D74-04C3-46DB-8A60-4AD97099782C}.DVD-5|Any CPU.ActiveCfg = Debug|Any CPU
		{34F22D74-04C3-46DB-8A60-4AD97099782C}.DVD-5|Any CPU.Build.0 = Debug|Any CPU
		{34F22D74-04C3-46DB-8A60-4AD97099782C}.Release|Any CPU.ActiveCfg = Release|Any CPU
		{34F22D74-04C3-46DB-8A60-4AD97099782C}.Release|Any CPU.Build.0 = Release|Any CPU
		{34F22D74-04C3-46DB-8A60-4AD97099782C}.SingleImage|Any CPU.ActiveCfg = Release|Any CPU
		{34F22D74-04C3-46DB-8A60-4AD97099782C}.SingleImage|Any CPU.Build.0 = Release|Any CPU
	EndGlobalSection
	GlobalSection(SolutionProperties) = preSolution
		HideSolutionNode = FALSE
	EndGlobalSection
EndGlobal
